// !$*UTF8*$!
{
	archiveVersion = 1;
	classes = {
	};
	objectVersion = 56;
	objects = {

/* Begin PBXBuildFile section */
		160C9D48296CB27000AAE85D /* AppDelegate.swift in Sources */ = {isa = PBXBuildFile; fileRef = 160C9D47296CB27000AAE85D /* AppDelegate.swift */; };
		160C9D4A296CB27000AAE85D /* SceneDelegate.swift in Sources */ = {isa = PBXBuildFile; fileRef = 160C9D49296CB27000AAE85D /* SceneDelegate.swift */; };
		160C9D4C296CB27000AAE85D /* ViewController.swift in Sources */ = {isa = PBXBuildFile; fileRef = 160C9D4B296CB27000AAE85D /* ViewController.swift */; };
		160C9D4F296CB27000AAE85D /* Main.storyboard in Resources */ = {isa = PBXBuildFile; fileRef = 160C9D4D296CB27000AAE85D /* Main.storyboard */; };
		160C9D51296CB27100AAE85D /* Assets.xcassets in Resources */ = {isa = PBXBuildFile; fileRef = 160C9D50296CB27100AAE85D /* Assets.xcassets */; };
		160C9D54296CB27100AAE85D /* LaunchScreen.storyboard in Resources */ = {isa = PBXBuildFile; fileRef = 160C9D52296CB27100AAE85D /* LaunchScreen.storyboard */; };
		160C9D5D296CB5B700AAE85D /* Presenter.swift in Sources */ = {isa = PBXBuildFile; fileRef = 160C9D5C296CB5B700AAE85D /* Presenter.swift */; };
/* End PBXBuildFile section */

/* Begin PBXFileReference section */
		160C9D44296CB27000AAE85D /* DesignPattern_MVP_Demo.app */ = {isa = PBXFileReference; explicitFileType = wrapper.application; includeInIndex = 0; path = DesignPattern_MVP_Demo.app; sourceTree = BUILT_PRODUCTS_DIR; };
		160C9D47296CB27000AAE85D /* AppDelegate.swift */ = {isa = PBXFileReference; lastKnownFileType = sourcecode.swift; path = AppDelegate.swift; sourceTree = "<group>"; };
		160C9D49296CB27000AAE85D /* SceneDelegate.swift */ = {isa = PBXFileReference; lastKnownFileType = sourcecode.swift; path = SceneDelegate.swift; sourceTree = "<group>"; };
		160C9D4B296CB27000AAE85D /* ViewController.swift */ = {isa = PBXFileReference; lastKnownFileType = sourcecode.swift; path = ViewController.swift; sourceTree = "<group>"; };
		160C9D4E296CB27000AAE85D /* Base */ = {isa = PBXFileReference; lastKnownFileType = file.storyboard; name = Base; path = Base.lproj/Main.storyboard; sourceTree = "<group>"; };
		160C9D50296CB27100AAE85D /* Assets.xcassets */ = {isa = PBXFileReference; lastKnownFileType = folder.assetcatalog; path = Assets.xcassets; sourceTree = "<group>"; };
		160C9D53296CB27100AAE85D /* Base */ = {isa = PBXFileReference; lastKnownFileType = file.storyboard; name = Base; path = Base.lproj/LaunchScreen.storyboard; sourceTree = "<group>"; };
		160C9D55296CB27100AAE85D /* Info.plist */ = {isa = PBXFileReference; lastKnownFileType = text.plist.xml; path = Info.plist; sourceTree = "<group>"; };
		160C9D5C296CB5B700AAE85D /* Presenter.swift */ = {isa = PBXFileReference; lastKnownFileType = sourcecode.swift; path = Presenter.swift; sourceTree = "<group>"; };
/* End PBXFileReference section */

/* Begin PBXFrameworksBuildPhase section */
		160C9D41296CB27000AAE85D /* Frameworks */ = {
			isa = PBXFrameworksBuildPhase;
			buildActionMask = 2147483647;
			files = (
			);
			runOnlyForDeploymentPostprocessing = 0;
		};
/* End PBXFrameworksBuildPhase section */

/* Begin PBXGroup section */
		160C9D3B296CB27000AAE85D = {
			isa = PBXGroup;
			children = (
				160C9D46296CB27000AAE85D /* DesignPattern_MVP_Demo */,
				160C9D45296CB27000AAE85D /* Products */,
			);
			sourceTree = "<group>";
		};
		160C9D45296CB27000AAE85D /* Products */ = {
			isa = PBXGroup;
			children = (
				160C9D44296CB27000AAE85D /* DesignPattern_MVP_Demo.app */,
			);
			name = Products;
			sourceTree = "<group>";
		};
		160C9D46296CB27000AAE85D /* DesignPattern_MVP_Demo */ = {
			isa = PBXGroup;
			children = (
				160C9D5B296CB52F00AAE85D /* Presenter */,
				160C9D47296CB27000AAE85D /* AppDelegate.swift */,
				160C9D49296CB27000AAE85D /* SceneDelegate.swift */,
				160C9D4B296CB27000AAE85D /* ViewController.swift */,
				160C9D4D296CB27000AAE85D /* Main.storyboard */,
				160C9D50296CB27100AAE85D /* Assets.xcassets */,
				160C9D52296CB27100AAE85D /* LaunchScreen.storyboard */,
				160C9D55296CB27100AAE85D /* Info.plist */,
			);
			path = DesignPattern_MVP_Demo;
			sourceTree = "<group>";
		};
		160C9D5B296CB52F00AAE85D /* Presenter */ = {
			isa = PBXGroup;
			children = (
				160C9D5C296CB5B700AAE85D /* Presenter.swift */,
			);
			path = Presenter;
			sourceTree = "<group>";
		};
/* End PBXGroup section */

/* Begin PBXNativeTarget section */
		160C9D43296CB27000AAE85D /* DesignPattern_MVP_Demo */ = {
			isa = PBXNativeTarget;
			buildConfigurationList = 160C9D58296CB27100AAE85D /* Build configuration list for PBXNativeTarget "DesignPattern_MVP_Demo" */;
			buildPhases = (
				160C9D40296CB27000AAE85D /* Sources */,
				160C9D41296CB27000AAE85D /* Frameworks */,
				160C9D42296CB27000AAE85D /* Resources */,
			);
			buildRules = (
			);
			dependencies = (
			);
			name = DesignPattern_MVP_Demo;
			productName = DesignPattern_MVP_Demo;
			productReference = 160C9D44296CB27000AAE85D /* DesignPattern_MVP_Demo.app */;
			productType = "com.apple.product-type.application";
		};
/* End PBXNativeTarget section */

/* Begin PBXProject section */
		160C9D3C296CB27000AAE85D /* Project object */ = {
			isa = PBXProject;
			attributes = {
				BuildIndependentTargetsInParallel = 1;
				LastSwiftUpdateCheck = 1420;
				LastUpgradeCheck = 1420;
				TargetAttributes = {
					160C9D43296CB27000AAE85D = {
						CreatedOnToolsVersion = 14.2;
					};
				};
			};
			buildConfigurationList = 160C9D3F296CB27000AAE85D /* Build configuration list for PBXProject "DesignPattern_MVP_Demo" */;
			compatibilityVersion = "Xcode 14.0";
			developmentRegion = en;
			hasScannedForEncodings = 0;
			knownRegions = (
				en,
				Base,
			);
			mainGroup = 160C9D3B296CB27000AAE85D;
			productRefGroup = 160C9D45296CB27000AAE85D /* Products */;
			projectDirPath = "";
			projectRoot = "";
			targets = (
				160C9D43296CB27000AAE85D /* DesignPattern_MVP_Demo */,
			);
		};
/* End PBXProject section */

/* Begin PBXResourcesBuildPhase section */
		160C9D42296CB27000AAE85D /* Resources */ = {
			isa = PBXResourcesBuildPhase;
			buildActionMask = 2147483647;
			files = (
				160C9D54296CB27100AAE85D /* LaunchScreen.storyboard in Resources */,
				160C9D51296CB27100AAE85D /* Assets.xcassets in Resources */,
				160C9D4F296CB27000AAE85D /* Main.storyboard in Resources */,
			);
			runOnlyForDeploymentPostprocessing = 0;
		};
/* End PBXResourcesBuildPhase section */

/* Begin PBXSourcesBuildPhase section */
		160C9D40296CB27000AAE85D /* Sources */ = {
			isa = PBXSourcesBuildPhase;
			buildActionMask = 2147483647;
			files = (
				160C9D4C296CB27000AAE85D /* ViewController.swift in Sources */,
				160C9D48296CB27000AAE85D /* AppDelegate.swift in Sources */,
				160C9D5D296CB5B700AAE85D /* Presenter.swift in Sources */,
				160C9D4A296CB27000AAE85D /* SceneDelegate.swift in Sources */,
			);
			runOnlyForDeploymentPostprocessing = 0;
		};
/* End PBXSourcesBuildPhase section */

/* Begin PBXVariantGroup section */
		160C9D4D296CB27000AAE85D /* Main.storyboard */ = {
			isa = PBXVariantGroup;
			children = (
				160C9D4E296CB27000AAE85D /* Base */,
			);
			name = Main.storyboard;
			sourceTree = "<group>";
		};
		160C9D52296CB27100AAE85D /* LaunchScreen.storyboard */ = {
			isa = PBXVariantGroup;
			children = (
				160C9D53296CB27100AAE85D /* Base */,
			);
			name = LaunchScreen.storyboard;
			sourceTree = "<group>";
		};
/* End PBXVariantGroup section */

/* Begin XCBuildConfiguration section */
		160C9D56296CB27100AAE85D /* Debug */ = {
			isa = XCBuildConfiguration;
			buildSettings = {
				ALWAYS_SEARCH_USER_PATHS = NO;
				CLANG_ANALYZER_NONNULL = YES;
				CLANG_ANALYZER_NUMBER_OBJECT_CONVERSION = YES_AGGRESSIVE;
				CLANG_CXX_LANGUAGE_STANDARD = "gnu++20";
				CLANG_ENABLE_MODULES = YES;
				CLANG_ENABLE_OBJC_ARC = YES;
				CLANG_ENABLE_OBJC_WEAK = YES;
				CLANG_WARN_BLOCK_CAPTURE_AUTORELEASING = YES;
				CLANG_WARN_BOOL_CONVERSION = YES;
				CLANG_WARN_COMMA = YES;
				CLANG_WARN_CONSTANT_CONVERSION = YES;
				CLANG_WARN_DEPRECATED_OBJC_IMPLEMENTATIONS = YES;
				CLANG_WARN_DIRECT_OBJC_ISA_USAGE = YES_ERROR;
				CLANG_WARN_DOCUMENTATION_COMMENTS = YES;
				CLANG_WARN_EMPTY_BODY = YES;
				CLANG_WARN_ENUM_CONVERSION = YES;
				CLANG_WARN_INFINITE_RECURSION = YES;
				CLANG_WARN_INT_CONVERSION = YES;
				CLANG_WARN_NON_LITERAL_NULL_CONVERSION = YES;
				CLANG_WARN_OBJC_IMPLICIT_RETAIN_SELF = YES;
				CLANG_WARN_OBJC_LITERAL_CONVERSION = YES;
				CLANG_WARN_OBJC_ROOT_CLASS = YES_ERROR;
				CLANG_WARN_QUOTED_INCLUDE_IN_FRAMEWORK_HEADER = YES;
				CLANG_WARN_RANGE_LOOP_ANALYSIS = YES;
				CLANG_WARN_STRICT_PROTOTYPES = YES;
				CLANG_WARN_SUSPICIOUS_MOVE = YES;
				CLANG_WARN_UNGUARDED_AVAILABILITY = YES_AGGRESSIVE;
				CLANG_WARN_UNREACHABLE_CODE = YES;
				CLANG_WARN__DUPLICATE_METHOD_MATCH = YES;
				COPY_PHASE_STRIP = NO;
				DEBUG_INFORMATION_FORMAT = dwarf;
				ENABLE_STRICT_OBJC_MSGSEND = YES;
				ENABLE_TESTABILITY = YES;
				GCC_C_LANGUAGE_STANDARD = gnu11;
				GCC_DYNAMIC_NO_PIC = NO;
				GCC_NO_COMMON_BLOCKS = YES;
				GCC_OPTIMIZATION_LEVEL = 0;
				GCC_PREPROCESSOR_DEFINITIONS = (
					"DEBUG=1",
					"$(inherited)",
				);
				GCC_WARN_64_TO_32_BIT_CONVERSION = YES;
				GCC_WARN_ABOUT_RETURN_TYPE = YES_ERROR;
				GCC_WARN_UNDECLARED_SELECTOR = YES;
				GCC_WARN_UNINITIALIZED_AUTOS = YES_AGGRESSIVE;
				GCC_WARN_UNUSED_FUNCTION = YES;
				GCC_WARN_UNUSED_VARIABLE = YES;
				IPHONEOS_DEPLOYMENT_TARGET = 16.2;
				MTL_ENABLE_DEBUG_INFO = INCLUDE_SOURCE;
				MTL_FAST_MATH = YES;
				ONLY_ACTIVE_ARCH = YES;
				SDKROOT = iphoneos;
				SWIFT_ACTIVE_COMPILATION_CONDITIONS = DEBUG;
				SWIFT_OPTIMIZATION_LEVEL = "-Onone";
			};
			name = Debug;
		};
		160C9D57296CB27100AAE85D /* Release */ = {
			isa = XCBuildConfiguration;
			buildSettings = {
				ALWAYS_SEARCH_USER_PATHS = NO;
				CLANG_ANALYZER_NONNULL = YES;
				CLANG_ANALYZER_NUMBER_OBJECT_CONVERSION = YES_AGGRESSIVE;
				CLANG_CXX_LANGUAGE_STANDARD = "gnu++20";
				CLANG_ENABLE_MODULES = YES;
				CLANG_ENABLE_OBJC_ARC = YES;
				CLANG_ENABLE_OBJC_WEAK = YES;
				CLANG_WARN_BLOCK_CAPTURE_AUTORELEASING = YES;
				CLANG_WARN_BOOL_CONVERSION = YES;
				CLANG_WARN_COMMA = YES;
				CLANG_WARN_CONSTANT_CONVERSION = YES;
				CLANG_WARN_DEPRECATED_OBJC_IMPLEMENTATIONS = YES;
				CLANG_WARN_DIRECT_OBJC_ISA_USAGE = YES_ERROR;
				CLANG_WARN_DOCUMENTATION_COMMENTS = YES;
				CLANG_WARN_EMPTY_BODY = YES;
				CLANG_WARN_ENUM_CONVERSION = YES;
				CLANG_WARN_INFINITE_RECURSION = YES;
				CLANG_WARN_INT_CONVERSION = YES;
				CLANG_WARN_NON_LITERAL_NULL_CONVERSION = YES;
				CLANG_WARN_OBJC_IMPLICIT_RETAIN_SELF = YES;
				CLANG_WARN_OBJC_LITERAL_CONVERSION = YES;
				CLANG_WARN_OBJC_ROOT_CLASS = YES_ERROR;
				CLANG_WARN_QUOTED_INCLUDE_IN_FRAMEWORK_HEADER = YES;
				CLANG_WARN_RANGE_LOOP_ANALYSIS = YES;
				CLANG_WARN_STRICT_PROTOTYPES = YES;
				CLANG_WARN_SUSPICIOUS_MOVE = YES;
				CLANG_WARN_UNGUARDED_AVAILABILITY = YES_AGGRESSIVE;
				CLANG_WARN_UNREACHABLE_CODE = YES;
				CLANG_WARN__DUPLICATE_METHOD_MATCH = YES;
				COPY_PHASE_STRIP = NO;
				DEBUG_INFORMATION_FORMAT = "dwarf-with-dsym";
				ENABLE_NS_ASSERTIONS = NO;
				ENABLE_STRICT_OBJC_MSGSEND = YES;
				GCC_C_LANGUAGE_STANDARD = gnu11;
				GCC_NO_COMMON_BLOCKS = YES;
				GCC_WARN_64_TO_32_BIT_CONVERSION = YES;
				GCC_WARN_ABOUT_RETURN_TYPE = YES_ERROR;
				GCC_WARN_UNDECLARED_SELECTOR = YES;
				GCC_WARN_UNINITIALIZED_AUTOS = YES_AGGRESSIVE;
				GCC_WARN_UNUSED_FUNCTION = YES;
				GCC_WARN_UNUSED_VARIABLE = YES;
				IPHONEOS_DEPLOYMENT_TARGET = 16.2;
				MTL_ENABLE_DEBUG_INFO = NO;
				MTL_FAST_MATH = YES;
				SDKROOT = iphoneos;
				SWIFT_COMPILATION_MODE = wholemodule;
				SWIFT_OPTIMIZATION_LEVEL = "-O";
				VALIDATE_PRODUCT = YES;
			};
			name = Release;
		};
		160C9D59296CB27100AAE85D /* Debug */ = {
			isa = XCBuildConfiguration;
			buildSettings = {
				ASSETCATALOG_COMPILER_APPICON_NAME = AppIcon;
				ASSETCATALOG_COMPILER_GLOBAL_ACCENT_COLOR_NAME = AccentColor;
				CODE_SIGN_STYLE = Automatic;
				CURRENT_PROJECT_VERSION = 1;
				DEVELOPMENT_TEAM = FXHQCY8P54;
				GENERATE_INFOPLIST_FILE = YES;
				INFOPLIST_FILE = DesignPattern_MVP_Demo/Info.plist;
				INFOPLIST_KEY_UIApplicationSupportsIndirectInputEvents = YES;
				INFOPLIST_KEY_UILaunchStoryboardName = LaunchScreen;
				INFOPLIST_KEY_UIMainStoryboardFile = Main;
				INFOPLIST_KEY_UISupportedInterfaceOrientations_iPad = "UIInterfaceOrientationPortrait UIInterfaceOrientationPortraitUpsideDown UIInterfaceOrientationLandscapeLeft UIInterfaceOrientationLandscapeRight";
				INFOPLIST_KEY_UISupportedInterfaceOrientations_iPhone = "UIInterfaceOrientationPortrait UIInterfaceOrientationLandscapeLeft UIInterfaceOrientationLandscapeRight";
				LD_RUNPATH_SEARCH_PATHS = (
					"$(inherited)",
					"@executable_path/Frameworks",
				);
				MARKETING_VERSION = 1.0;
				PRODUCT_BUNDLE_IDENTIFIER = "com.kplab.DesignPattern-MVP-Demo";
				PRODUCT_NAME = "$(TARGET_NAME)";
				SWIFT_EMIT_LOC_STRINGS = YES;
				SWIFT_VERSION = 5.0;
				TARGETED_DEVICE_FAMILY = "1,2";
			};
			name = Debug;
		};
		160C9D5A296CB27100AAE85D /* Release */ = {
			isa = XCBuildConfiguration;
			buildSettings = {
				ASSETCATALOG_COMPILER_APPICON_NAME = AppIcon;
				ASSETCATALOG_COMPILER_GLOBAL_ACCENT_COLOR_NAME = AccentColor;
				CODE_SIGN_STYLE = Automatic;
				CURRENT_PROJECT_VERSION = 1;
				DEVELOPMENT_TEAM = FXHQCY8P54;
				GENERATE_INFOPLIST_FILE = YES;
				INFOPLIST_FILE = DesignPattern_MVP_Demo/Info.plist;
				INFOPLIST_KEY_UIApplicationSupportsIndirectInputEvents = YES;
				INFOPLIST_KEY_UILaunchStoryboardName = LaunchScreen;
				INFOPLIST_KEY_UIMainStoryboardFile = Main;
				INFOPLIST_KEY_UISupportedInterfaceOrientations_iPad = "UIInterfaceOrientationPortrait UIInterfaceOrientationPortraitUpsideDown UIInterfaceOrientationLandscapeLeft UIInterfaceOrientationLandscapeRight";
				INFOPLIST_KEY_UISupportedInterfaceOrientations_iPhone = "UIInterfaceOrientationPortrait UIInterfaceOrientationLandscapeLeft UIInterfaceOrientationLandscapeRight";
				LD_RUNPATH_SEARCH_PATHS = (
					"$(inherited)",
					"@executable_path/Frameworks",
				);
				MARKETING_VERSION = 1.0;
				PRODUCT_BUNDLE_IDENTIFIER = "com.kplab.DesignPattern-MVP-Demo";
				PRODUCT_NAME = "$(TARGET_NAME)";
				SWIFT_EMIT_LOC_STRINGS = YES;
				SWIFT_VERSION = 5.0;
				TARGETED_DEVICE_FAMILY = "1,2";
			};
			name = Release;
		};
/* End XCBuildConfiguration section */

/* Begin XCConfigurationList section */
		160C9D3F296CB27000AAE85D /* Build configuration list for PBXProject "DesignPattern_MVP_Demo" */ = {
			isa = XCConfigurationList;
			buildConfigurations = (
				160C9D56296CB27100AAE85D /* Debug */,
				160C9D57296CB27100AAE85D /* Release */,
			);
			defaultConfigurationIsVisible = 0;
			defaultConfigurationName = Release;
		};
		160C9D58296CB27100AAE85D /* Build configuration list for PBXNativeTarget "DesignPattern_MVP_Demo" */ = {
			isa = XCConfigurationList;
			buildConfigurations = (
				160C9D59296CB27100AAE85D /* Debug */,
				160C9D5A296CB27100AAE85D /* Release */,
			);
			defaultConfigurationIsVisible = 0;
			defaultConfigurationName = Release;
		};
/* End XCConfigurationList section */
	};
	rootObject = 160C9D3C296CB27000AAE85D /* Project object */;
}
