// !$*UTF8*$!
{
	archiveVersion = 1;
	classes = {
	};
	objectVersion = 56;
	objects = {

/* Begin PBXBuildFile section */
		16AE3794296F50430089FA67 /* AppDelegate.swift in Sources */ = {isa = PBXBuildFile; fileRef = 16AE3793296F50430089FA67 /* AppDelegate.swift */; };
		16AE3796296F50430089FA67 /* SceneDelegate.swift in Sources */ = {isa = PBXBuildFile; fileRef = 16AE3795296F50430089FA67 /* SceneDelegate.swift */; };
		16AE3798296F50430089FA67 /* ViewController.swift in Sources */ = {isa = PBXBuildFile; fileRef = 16AE3797296F50430089FA67 /* ViewController.swift */; };
		16AE379B296F50430089FA67 /* Main.storyboard in Resources */ = {isa = PBXBuildFile; fileRef = 16AE3799296F50430089FA67 /* Main.storyboard */; };
		16AE379D296F50440089FA67 /* Assets.xcassets in Resources */ = {isa = PBXBuildFile; fileRef = 16AE379C296F50440089FA67 /* Assets.xcassets */; };
		16AE37A0296F50440089FA67 /* LaunchScreen.storyboard in Resources */ = {isa = PBXBuildFile; fileRef = 16AE379E296F50440089FA67 /* LaunchScreen.storyboard */; };
		16AE37A8296F52720089FA67 /* GoogleService-Info.plist in Resources */ = {isa = PBXBuildFile; fileRef = 16AE37A7296F52720089FA67 /* GoogleService-Info.plist */; };
		4160C1E36D7D930DC5698F84 /* Pods_FirestoreDemo.framework in Frameworks */ = {isa = PBXBuildFile; fileRef = 459B27A8DADE41A1D8054582 /* Pods_FirestoreDemo.framework */; };
/* End PBXBuildFile section */

/* Begin PBXFileReference section */
		107FC76B58111F018733BC33 /* Pods-FirestoreDemo.debug.xcconfig */ = {isa = PBXFileReference; includeInIndex = 1; lastKnownFileType = text.xcconfig; name = "Pods-FirestoreDemo.debug.xcconfig"; path = "Target Support Files/Pods-FirestoreDemo/Pods-FirestoreDemo.debug.xcconfig"; sourceTree = "<group>"; };
		16AE3790296F50430089FA67 /* FirestoreDemo.app */ = {isa = PBXFileReference; explicitFileType = wrapper.application; includeInIndex = 0; path = FirestoreDemo.app; sourceTree = BUILT_PRODUCTS_DIR; };
		16AE3793296F50430089FA67 /* AppDelegate.swift */ = {isa = PBXFileReference; lastKnownFileType = sourcecode.swift; path = AppDelegate.swift; sourceTree = "<group>"; };
		16AE3795296F50430089FA67 /* SceneDelegate.swift */ = {isa = PBXFileReference; lastKnownFileType = sourcecode.swift; path = SceneDelegate.swift; sourceTree = "<group>"; };
		16AE3797296F50430089FA67 /* ViewController.swift */ = {isa = PBXFileReference; lastKnownFileType = sourcecode.swift; path = ViewController.swift; sourceTree = "<group>"; };
		16AE379A296F50430089FA67 /* Base */ = {isa = PBXFileReference; lastKnownFileType = file.storyboard; name = Base; path = Base.lproj/Main.storyboard; sourceTree = "<group>"; };
		16AE379C296F50440089FA67 /* Assets.xcassets */ = {isa = PBXFileReference; lastKnownFileType = folder.assetcatalog; path = Assets.xcassets; sourceTree = "<group>"; };
		16AE379F296F50440089FA67 /* Base */ = {isa = PBXFileReference; lastKnownFileType = file.storyboard; name = Base; path = Base.lproj/LaunchScreen.storyboard; sourceTree = "<group>"; };
		16AE37A1296F50440089FA67 /* Info.plist */ = {isa = PBXFileReference; lastKnownFileType = text.plist.xml; path = Info.plist; sourceTree = "<group>"; };
		16AE37A7296F52720089FA67 /* GoogleService-Info.plist */ = {isa = PBXFileReference; fileEncoding = 4; lastKnownFileType = text.plist.xml; path = "GoogleService-Info.plist"; sourceTree = "<group>"; };
		459B27A8DADE41A1D8054582 /* Pods_FirestoreDemo.framework */ = {isa = PBXFileReference; explicitFileType = wrapper.framework; includeInIndex = 0; path = Pods_FirestoreDemo.framework; sourceTree = BUILT_PRODUCTS_DIR; };
		63447312ED18BC70E4F7BA44 /* Pods-FirestoreDemo.release.xcconfig */ = {isa = PBXFileReference; includeInIndex = 1; lastKnownFileType = text.xcconfig; name = "Pods-FirestoreDemo.release.xcconfig"; path = "Target Support Files/Pods-FirestoreDemo/Pods-FirestoreDemo.release.xcconfig"; sourceTree = "<group>"; };
/* End PBXFileReference section */

/* Begin PBXFrameworksBuildPhase section */
		16AE378D296F50430089FA67 /* Frameworks */ = {
			isa = PBXFrameworksBuildPhase;
			buildActionMask = 2147483647;
			files = (
				4160C1E36D7D930DC5698F84 /* Pods_FirestoreDemo.framework in Frameworks */,
			);
			runOnlyForDeploymentPostprocessing = 0;
		};
/* End PBXFrameworksBuildPhase section */

/* Begin PBXGroup section */
		034563A7AD4D2DE65EF6688D /* Pods */ = {
			isa = PBXGroup;
			children = (
				107FC76B58111F018733BC33 /* Pods-FirestoreDemo.debug.xcconfig */,
				63447312ED18BC70E4F7BA44 /* Pods-FirestoreDemo.release.xcconfig */,
			);
			path = Pods;
			sourceTree = "<group>";
		};
		16AE3787296F50430089FA67 = {
			isa = PBXGroup;
			children = (
				16AE3792296F50430089FA67 /* FirestoreDemo */,
				16AE3791296F50430089FA67 /* Products */,
				034563A7AD4D2DE65EF6688D /* Pods */,
				A5EB8381C337102DB8C9EBD6 /* Frameworks */,
			);
			sourceTree = "<group>";
		};
		16AE3791296F50430089FA67 /* Products */ = {
			isa = PBXGroup;
			children = (
				16AE3790296F50430089FA67 /* FirestoreDemo.app */,
			);
			name = Products;
			sourceTree = "<group>";
		};
		16AE3792296F50430089FA67 /* FirestoreDemo */ = {
			isa = PBXGroup;
			children = (
				16AE3793296F50430089FA67 /* AppDelegate.swift */,
				16AE3795296F50430089FA67 /* SceneDelegate.swift */,
				16AE3797296F50430089FA67 /* ViewController.swift */,
				16AE3799296F50430089FA67 /* Main.storyboard */,
				16AE379C296F50440089FA67 /* Assets.xcassets */,
				16AE379E296F50440089FA67 /* LaunchScreen.storyboard */,
				16AE37A1296F50440089FA67 /* Info.plist */,
				16AE37A7296F52720089FA67 /* GoogleService-Info.plist */,
			);
			path = FirestoreDemo;
			sourceTree = "<group>";
		};
		A5EB8381C337102DB8C9EBD6 /* Frameworks */ = {
			isa = PBXGroup;
			children = (
				459B27A8DADE41A1D8054582 /* Pods_FirestoreDemo.framework */,
			);
			name = Frameworks;
			sourceTree = "<group>";
		};
/* End PBXGroup section */

/* Begin PBXNativeTarget section */
		16AE378F296F50430089FA67 /* FirestoreDemo */ = {
			isa = PBXNativeTarget;
			buildConfigurationList = 16AE37A4296F50440089FA67 /* Build configuration list for PBXNativeTarget "FirestoreDemo" */;
			buildPhases = (
				D015F72A8C1A680C5669DBB8 /* [CP] Check Pods Manifest.lock */,
				16AE378C296F50430089FA67 /* Sources */,
				16AE378D296F50430089FA67 /* Frameworks */,
				16AE378E296F50430089FA67 /* Resources */,
				F455B7C17D3E508B04B23634 /* [CP] Embed Pods Frameworks */,
			);
			buildRules = (
			);
			dependencies = (
			);
			name = FirestoreDemo;
			productName = FirestoreDemo;
			productReference = 16AE3790296F50430089FA67 /* FirestoreDemo.app */;
			productType = "com.apple.product-type.application";
		};
/* End PBXNativeTarget section */

/* Begin PBXProject section */
		16AE3788296F50430089FA67 /* Project object */ = {
			isa = PBXProject;
			attributes = {
				BuildIndependentTargetsInParallel = 1;
				LastSwiftUpdateCheck = 1420;
				LastUpgradeCheck = 1420;
				TargetAttributes = {
					16AE378F296F50430089FA67 = {
						CreatedOnToolsVersion = 14.2;
					};
				};
			};
			buildConfigurationList = 16AE378B296F50430089FA67 /* Build configuration list for PBXProject "FirestoreDemo" */;
			compatibilityVersion = "Xcode 14.0";
			developmentRegion = en;
			hasScannedForEncodings = 0;
			knownRegions = (
				en,
				Base,
			);
			mainGroup = 16AE3787296F50430089FA67;
			productRefGroup = 16AE3791296F50430089FA67 /* Products */;
			projectDirPath = "";
			projectRoot = "";
			targets = (
				16AE378F296F50430089FA67 /* FirestoreDemo */,
			);
		};
/* End PBXProject section */

/* Begin PBXResourcesBuildPhase section */
		16AE378E296F50430089FA67 /* Resources */ = {
			isa = PBXResourcesBuildPhase;
			buildActionMask = 2147483647;
			files = (
				16AE37A0296F50440089FA67 /* LaunchScreen.storyboard in Resources */,
				16AE37A8296F52720089FA67 /* GoogleService-Info.plist in Resources */,
				16AE379D296F50440089FA67 /* Assets.xcassets in Resources */,
				16AE379B296F50430089FA67 /* Main.storyboard in Resources */,
			);
			runOnlyForDeploymentPostprocessing = 0;
		};
/* End PBXResourcesBuildPhase section */

/* Begin PBXShellScriptBuildPhase section */
		D015F72A8C1A680C5669DBB8 /* [CP] Check Pods Manifest.lock */ = {
			isa = PBXShellScriptBuildPhase;
			buildActionMask = 2147483647;
			files = (
			);
			inputFileListPaths = (
			);
			inputPaths = (
				"${PODS_PODFILE_DIR_PATH}/Podfile.lock",
				"${PODS_ROOT}/Manifest.lock",
			);
			name = "[CP] Check Pods Manifest.lock";
			outputFileListPaths = (
			);
			outputPaths = (
				"$(DERIVED_FILE_DIR)/Pods-FirestoreDemo-checkManifestLockResult.txt",
			);
			runOnlyForDeploymentPostprocessing = 0;
			shellPath = /bin/sh;
			shellScript = "diff \"${PODS_PODFILE_DIR_PATH}/Podfile.lock\" \"${PODS_ROOT}/Manifest.lock\" > /dev/null\nif [ $? != 0 ] ; then\n    # print error to STDERR\n    echo \"error: The sandbox is not in sync with the Podfile.lock. Run 'pod install' or update your CocoaPods installation.\" >&2\n    exit 1\nfi\n# This output is used by Xcode 'outputs' to avoid re-running this script phase.\necho \"SUCCESS\" > \"${SCRIPT_OUTPUT_FILE_0}\"\n";
			showEnvVarsInLog = 0;
		};
		F455B7C17D3E508B04B23634 /* [CP] Embed Pods Frameworks */ = {
			isa = PBXShellScriptBuildPhase;
			buildActionMask = 2147483647;
			files = (
			);
			inputFileListPaths = (
				"${PODS_ROOT}/Target Support Files/Pods-FirestoreDemo/Pods-FirestoreDemo-frameworks-${CONFIGURATION}-input-files.xcfilelist",
			);
			name = "[CP] Embed Pods Frameworks";
			outputFileListPaths = (
				"${PODS_ROOT}/Target Support Files/Pods-FirestoreDemo/Pods-FirestoreDemo-frameworks-${CONFIGURATION}-output-files.xcfilelist",
			);
			runOnlyForDeploymentPostprocessing = 0;
			shellPath = /bin/sh;
			shellScript = "\"${PODS_ROOT}/Target Support Files/Pods-FirestoreDemo/Pods-FirestoreDemo-frameworks.sh\"\n";
			showEnvVarsInLog = 0;
		};
/* End PBXShellScriptBuildPhase section */

/* Begin PBXSourcesBuildPhase section */
		16AE378C296F50430089FA67 /* Sources */ = {
			isa = PBXSourcesBuildPhase;
			buildActionMask = 2147483647;
			files = (
				16AE3798296F50430089FA67 /* ViewController.swift in Sources */,
				16AE3794296F50430089FA67 /* AppDelegate.swift in Sources */,
				16AE3796296F50430089FA67 /* SceneDelegate.swift in Sources */,
			);
			runOnlyForDeploymentPostprocessing = 0;
		};
/* End PBXSourcesBuildPhase section */

/* Begin PBXVariantGroup section */
		16AE3799296F50430089FA67 /* Main.storyboard */ = {
			isa = PBXVariantGroup;
			children = (
				16AE379A296F50430089FA67 /* Base */,
			);
			name = Main.storyboard;
			sourceTree = "<group>";
		};
		16AE379E296F50440089FA67 /* LaunchScreen.storyboard */ = {
			isa = PBXVariantGroup;
			children = (
				16AE379F296F50440089FA67 /* Base */,
			);
			name = LaunchScreen.storyboard;
			sourceTree = "<group>";
		};
/* End PBXVariantGroup section */

/* Begin XCBuildConfiguration section */
		16AE37A2296F50440089FA67 /* Debug */ = {
			isa = XCBuildConfiguration;
			buildSettings = {
				ALWAYS_SEARCH_USER_PATHS = NO;
				CLANG_ANALYZER_NONNULL = YES;
				CLANG_ANALYZER_NUMBER_OBJECT_CONVERSION = YES_AGGRESSIVE;
				CLANG_CXX_LANGUAGE_STANDARD = "gnu++20";
				CLANG_ENABLE_MODULES = YES;
				CLANG_ENABLE_OBJC_ARC = YES;
				CLANG_ENABLE_OBJC_WEAK = YES;
				CLANG_WARN_BLOCK_CAPTURE_AUTORELEASING = YES;
				CLANG_WARN_BOOL_CONVERSION = YES;
				CLANG_WARN_COMMA = YES;
				CLANG_WARN_CONSTANT_CONVERSION = YES;
				CLANG_WARN_DEPRECATED_OBJC_IMPLEMENTATIONS = YES;
				CLANG_WARN_DIRECT_OBJC_ISA_USAGE = YES_ERROR;
				CLANG_WARN_DOCUMENTATION_COMMENTS = YES;
				CLANG_WARN_EMPTY_BODY = YES;
				CLANG_WARN_ENUM_CONVERSION = YES;
				CLANG_WARN_INFINITE_RECURSION = YES;
				CLANG_WARN_INT_CONVERSION = YES;
				CLANG_WARN_NON_LITERAL_NULL_CONVERSION = YES;
				CLANG_WARN_OBJC_IMPLICIT_RETAIN_SELF = YES;
				CLANG_WARN_OBJC_LITERAL_CONVERSION = YES;
				CLANG_WARN_OBJC_ROOT_CLASS = YES_ERROR;
				CLANG_WARN_QUOTED_INCLUDE_IN_FRAMEWORK_HEADER = YES;
				CLANG_WARN_RANGE_LOOP_ANALYSIS = YES;
				CLANG_WARN_STRICT_PROTOTYPES = YES;
				CLANG_WARN_SUSPICIOUS_MOVE = YES;
				CLANG_WARN_UNGUARDED_AVAILABILITY = YES_AGGRESSIVE;
				CLANG_WARN_UNREACHABLE_CODE = YES;
				CLANG_WARN__DUPLICATE_METHOD_MATCH = YES;
				COPY_PHASE_STRIP = NO;
				DEBUG_INFORMATION_FORMAT = dwarf;
				ENABLE_STRICT_OBJC_MSGSEND = YES;
				ENABLE_TESTABILITY = YES;
				GCC_C_LANGUAGE_STANDARD = gnu11;
				GCC_DYNAMIC_NO_PIC = NO;
				GCC_NO_COMMON_BLOCKS = YES;
				GCC_OPTIMIZATION_LEVEL = 0;
				GCC_PREPROCESSOR_DEFINITIONS = (
					"DEBUG=1",
					"$(inherited)",
				);
				GCC_WARN_64_TO_32_BIT_CONVERSION = YES;
				GCC_WARN_ABOUT_RETURN_TYPE = YES_ERROR;
				GCC_WARN_UNDECLARED_SELECTOR = YES;
				GCC_WARN_UNINITIALIZED_AUTOS = YES_AGGRESSIVE;
				GCC_WARN_UNUSED_FUNCTION = YES;
				GCC_WARN_UNUSED_VARIABLE = YES;
				IPHONEOS_DEPLOYMENT_TARGET = 16.2;
				MTL_ENABLE_DEBUG_INFO = INCLUDE_SOURCE;
				MTL_FAST_MATH = YES;
				ONLY_ACTIVE_ARCH = YES;
				SDKROOT = iphoneos;
				SWIFT_ACTIVE_COMPILATION_CONDITIONS = DEBUG;
				SWIFT_OPTIMIZATION_LEVEL = "-Onone";
			};
			name = Debug;
		};
		16AE37A3296F50440089FA67 /* Release */ = {
			isa = XCBuildConfiguration;
			buildSettings = {
				ALWAYS_SEARCH_USER_PATHS = NO;
				CLANG_ANALYZER_NONNULL = YES;
				CLANG_ANALYZER_NUMBER_OBJECT_CONVERSION = YES_AGGRESSIVE;
				CLANG_CXX_LANGUAGE_STANDARD = "gnu++20";
				CLANG_ENABLE_MODULES = YES;
				CLANG_ENABLE_OBJC_ARC = YES;
				CLANG_ENABLE_OBJC_WEAK = YES;
				CLANG_WARN_BLOCK_CAPTURE_AUTORELEASING = YES;
				CLANG_WARN_BOOL_CONVERSION = YES;
				CLANG_WARN_COMMA = YES;
				CLANG_WARN_CONSTANT_CONVERSION = YES;
				CLANG_WARN_DEPRECATED_OBJC_IMPLEMENTATIONS = YES;
				CLANG_WARN_DIRECT_OBJC_ISA_USAGE = YES_ERROR;
				CLANG_WARN_DOCUMENTATION_COMMENTS = YES;
				CLANG_WARN_EMPTY_BODY = YES;
				CLANG_WARN_ENUM_CONVERSION = YES;
				CLANG_WARN_INFINITE_RECURSION = YES;
				CLANG_WARN_INT_CONVERSION = YES;
				CLANG_WARN_NON_LITERAL_NULL_CONVERSION = YES;
				CLANG_WARN_OBJC_IMPLICIT_RETAIN_SELF = YES;
				CLANG_WARN_OBJC_LITERAL_CONVERSION = YES;
				CLANG_WARN_OBJC_ROOT_CLASS = YES_ERROR;
				CLANG_WARN_QUOTED_INCLUDE_IN_FRAMEWORK_HEADER = YES;
				CLANG_WARN_RANGE_LOOP_ANALYSIS = YES;
				CLANG_WARN_STRICT_PROTOTYPES = YES;
				CLANG_WARN_SUSPICIOUS_MOVE = YES;
				CLANG_WARN_UNGUARDED_AVAILABILITY = YES_AGGRESSIVE;
				CLANG_WARN_UNREACHABLE_CODE = YES;
				CLANG_WARN__DUPLICATE_METHOD_MATCH = YES;
				COPY_PHASE_STRIP = NO;
				DEBUG_INFORMATION_FORMAT = "dwarf-with-dsym";
				ENABLE_NS_ASSERTIONS = NO;
				ENABLE_STRICT_OBJC_MSGSEND = YES;
				GCC_C_LANGUAGE_STANDARD = gnu11;
				GCC_NO_COMMON_BLOCKS = YES;
				GCC_WARN_64_TO_32_BIT_CONVERSION = YES;
				GCC_WARN_ABOUT_RETURN_TYPE = YES_ERROR;
				GCC_WARN_UNDECLARED_SELECTOR = YES;
				GCC_WARN_UNINITIALIZED_AUTOS = YES_AGGRESSIVE;
				GCC_WARN_UNUSED_FUNCTION = YES;
				GCC_WARN_UNUSED_VARIABLE = YES;
				IPHONEOS_DEPLOYMENT_TARGET = 16.2;
				MTL_ENABLE_DEBUG_INFO = NO;
				MTL_FAST_MATH = YES;
				SDKROOT = iphoneos;
				SWIFT_COMPILATION_MODE = wholemodule;
				SWIFT_OPTIMIZATION_LEVEL = "-O";
				VALIDATE_PRODUCT = YES;
			};
			name = Release;
		};
		16AE37A5296F50440089FA67 /* Debug */ = {
			isa = XCBuildConfiguration;
			baseConfigurationReference = 107FC76B58111F018733BC33 /* Pods-FirestoreDemo.debug.xcconfig */;
			buildSettings = {
				ASSETCATALOG_COMPILER_APPICON_NAME = AppIcon;
				ASSETCATALOG_COMPILER_GLOBAL_ACCENT_COLOR_NAME = AccentColor;
				CODE_SIGN_STYLE = Automatic;
				CURRENT_PROJECT_VERSION = 1;
				DEVELOPMENT_TEAM = FXHQCY8P54;
				GENERATE_INFOPLIST_FILE = YES;
				INFOPLIST_FILE = FirestoreDemo/Info.plist;
				INFOPLIST_KEY_UIApplicationSupportsIndirectInputEvents = YES;
				INFOPLIST_KEY_UILaunchStoryboardName = LaunchScreen;
				INFOPLIST_KEY_UIMainStoryboardFile = Main;
				INFOPLIST_KEY_UISupportedInterfaceOrientations_iPad = "UIInterfaceOrientationPortrait UIInterfaceOrientationPortraitUpsideDown UIInterfaceOrientationLandscapeLeft UIInterfaceOrientationLandscapeRight";
				INFOPLIST_KEY_UISupportedInterfaceOrientations_iPhone = "UIInterfaceOrientationPortrait UIInterfaceOrientationLandscapeLeft UIInterfaceOrientationLandscapeRight";
				LD_RUNPATH_SEARCH_PATHS = (
					"$(inherited)",
					"@executable_path/Frameworks",
				);
				MARKETING_VERSION = 1.0;
				PRODUCT_BUNDLE_IDENTIFIER = com.kplab.FirestoreDemo;
				PRODUCT_NAME = "$(TARGET_NAME)";
				SWIFT_EMIT_LOC_STRINGS = YES;
				SWIFT_VERSION = 5.0;
				TARGETED_DEVICE_FAMILY = "1,2";
			};
			name = Debug;
		};
		16AE37A6296F50440089FA67 /* Release */ = {
			isa = XCBuildConfiguration;
			baseConfigurationReference = 63447312ED18BC70E4F7BA44 /* Pods-FirestoreDemo.release.xcconfig */;
			buildSettings = {
				ASSETCATALOG_COMPILER_APPICON_NAME = AppIcon;
				ASSETCATALOG_COMPILER_GLOBAL_ACCENT_COLOR_NAME = AccentColor;
				CODE_SIGN_STYLE = Automatic;
				CURRENT_PROJECT_VERSION = 1;
				DEVELOPMENT_TEAM = FXHQCY8P54;
				GENERATE_INFOPLIST_FILE = YES;
				INFOPLIST_FILE = FirestoreDemo/Info.plist;
				INFOPLIST_KEY_UIApplicationSupportsIndirectInputEvents = YES;
				INFOPLIST_KEY_UILaunchStoryboardName = LaunchScreen;
				INFOPLIST_KEY_UIMainStoryboardFile = Main;
				INFOPLIST_KEY_UISupportedInterfaceOrientations_iPad = "UIInterfaceOrientationPortrait UIInterfaceOrientationPortraitUpsideDown UIInterfaceOrientationLandscapeLeft UIInterfaceOrientationLandscapeRight";
				INFOPLIST_KEY_UISupportedInterfaceOrientations_iPhone = "UIInterfaceOrientationPortrait UIInterfaceOrientationLandscapeLeft UIInterfaceOrientationLandscapeRight";
				LD_RUNPATH_SEARCH_PATHS = (
					"$(inherited)",
					"@executable_path/Frameworks",
				);
				MARKETING_VERSION = 1.0;
				PRODUCT_BUNDLE_IDENTIFIER = com.kplab.FirestoreDemo;
				PRODUCT_NAME = "$(TARGET_NAME)";
				SWIFT_EMIT_LOC_STRINGS = YES;
				SWIFT_VERSION = 5.0;
				TARGETED_DEVICE_FAMILY = "1,2";
			};
			name = Release;
		};
/* End XCBuildConfiguration section */

/* Begin XCConfigurationList section */
		16AE378B296F50430089FA67 /* Build configuration list for PBXProject "FirestoreDemo" */ = {
			isa = XCConfigurationList;
			buildConfigurations = (
				16AE37A2296F50440089FA67 /* Debug */,
				16AE37A3296F50440089FA67 /* Release */,
			);
			defaultConfigurationIsVisible = 0;
			defaultConfigurationName = Release;
		};
		16AE37A4296F50440089FA67 /* Build configuration list for PBXNativeTarget "FirestoreDemo" */ = {
			isa = XCConfigurationList;
			buildConfigurations = (
				16AE37A5296F50440089FA67 /* Debug */,
				16AE37A6296F50440089FA67 /* Release */,
			);
			defaultConfigurationIsVisible = 0;
			defaultConfigurationName = Release;
		};
/* End XCConfigurationList section */
	};
	rootObject = 16AE3788296F50430089FA67 /* Project object */;
}
