// !$*UTF8*$!
{
	archiveVersion = 1;
	classes = {
	};
	objectVersion = 56;
	objects = {

/* Begin PBXBuildFile section */
		16AE3734296E1AA40089FA67 /* AppDelegate.swift in Sources */ = {isa = PBXBuildFile; fileRef = 16AE3733296E1AA40089FA67 /* AppDelegate.swift */; };
		16AE3736296E1AA40089FA67 /* SceneDelegate.swift in Sources */ = {isa = PBXBuildFile; fileRef = 16AE3735296E1AA40089FA67 /* SceneDelegate.swift */; };
		16AE3738296E1AA40089FA67 /* ViewController.swift in Sources */ = {isa = PBXBuildFile; fileRef = 16AE3737296E1AA40089FA67 /* ViewController.swift */; };
		16AE373B296E1AA40089FA67 /* Main.storyboard in Resources */ = {isa = PBXBuildFile; fileRef = 16AE3739296E1AA40089FA67 /* Main.storyboard */; };
		16AE373E296E1AA40089FA67 /* CoreDataUserDemo.xcdatamodeld in Sources */ = {isa = PBXBuildFile; fileRef = 16AE373C296E1AA40089FA67 /* CoreDataUserDemo.xcdatamodeld */; };
		16AE3740296E1AA40089FA67 /* Assets.xcassets in Resources */ = {isa = PBXBuildFile; fileRef = 16AE373F296E1AA40089FA67 /* Assets.xcassets */; };
		16AE3743296E1AA40089FA67 /* LaunchScreen.storyboard in Resources */ = {isa = PBXBuildFile; fileRef = 16AE3741296E1AA40089FA67 /* LaunchScreen.storyboard */; };
		16AE374D296E1E7E0089FA67 /* UserCell.swift in Sources */ = {isa = PBXBuildFile; fileRef = 16AE374B296E1E7E0089FA67 /* UserCell.swift */; };
		16AE374E296E1E7E0089FA67 /* UserCell.xib in Resources */ = {isa = PBXBuildFile; fileRef = 16AE374C296E1E7E0089FA67 /* UserCell.xib */; };
/* End PBXBuildFile section */

/* Begin PBXFileReference section */
		16AE3730296E1AA40089FA67 /* CoreDataUserDemo.app */ = {isa = PBXFileReference; explicitFileType = wrapper.application; includeInIndex = 0; path = CoreDataUserDemo.app; sourceTree = BUILT_PRODUCTS_DIR; };
		16AE3733296E1AA40089FA67 /* AppDelegate.swift */ = {isa = PBXFileReference; lastKnownFileType = sourcecode.swift; path = AppDelegate.swift; sourceTree = "<group>"; };
		16AE3735296E1AA40089FA67 /* SceneDelegate.swift */ = {isa = PBXFileReference; lastKnownFileType = sourcecode.swift; path = SceneDelegate.swift; sourceTree = "<group>"; };
		16AE3737296E1AA40089FA67 /* ViewController.swift */ = {isa = PBXFileReference; lastKnownFileType = sourcecode.swift; path = ViewController.swift; sourceTree = "<group>"; };
		16AE373A296E1AA40089FA67 /* Base */ = {isa = PBXFileReference; lastKnownFileType = file.storyboard; name = Base; path = Base.lproj/Main.storyboard; sourceTree = "<group>"; };
		16AE373D296E1AA40089FA67 /* CoreDataUserDemo.xcdatamodel */ = {isa = PBXFileReference; lastKnownFileType = wrapper.xcdatamodel; path = CoreDataUserDemo.xcdatamodel; sourceTree = "<group>"; };
		16AE373F296E1AA40089FA67 /* Assets.xcassets */ = {isa = PBXFileReference; lastKnownFileType = folder.assetcatalog; path = Assets.xcassets; sourceTree = "<group>"; };
		16AE3742296E1AA40089FA67 /* Base */ = {isa = PBXFileReference; lastKnownFileType = file.storyboard; name = Base; path = Base.lproj/LaunchScreen.storyboard; sourceTree = "<group>"; };
		16AE3744296E1AA40089FA67 /* Info.plist */ = {isa = PBXFileReference; lastKnownFileType = text.plist.xml; path = Info.plist; sourceTree = "<group>"; };
		16AE374B296E1E7E0089FA67 /* UserCell.swift */ = {isa = PBXFileReference; lastKnownFileType = sourcecode.swift; path = UserCell.swift; sourceTree = "<group>"; };
		16AE374C296E1E7E0089FA67 /* UserCell.xib */ = {isa = PBXFileReference; lastKnownFileType = file.xib; path = UserCell.xib; sourceTree = "<group>"; };
/* End PBXFileReference section */

/* Begin PBXFrameworksBuildPhase section */
		16AE372D296E1AA40089FA67 /* Frameworks */ = {
			isa = PBXFrameworksBuildPhase;
			buildActionMask = 2147483647;
			files = (
			);
			runOnlyForDeploymentPostprocessing = 0;
		};
/* End PBXFrameworksBuildPhase section */

/* Begin PBXGroup section */
		16AE3727296E1AA40089FA67 = {
			isa = PBXGroup;
			children = (
				16AE3732296E1AA40089FA67 /* CoreDataUserDemo */,
				16AE3731296E1AA40089FA67 /* Products */,
			);
			sourceTree = "<group>";
		};
		16AE3731296E1AA40089FA67 /* Products */ = {
			isa = PBXGroup;
			children = (
				16AE3730296E1AA40089FA67 /* CoreDataUserDemo.app */,
			);
			name = Products;
			sourceTree = "<group>";
		};
		16AE3732296E1AA40089FA67 /* CoreDataUserDemo */ = {
			isa = PBXGroup;
			children = (
				16AE374A296E1E600089FA67 /* Cell */,
				16AE3733296E1AA40089FA67 /* AppDelegate.swift */,
				16AE3735296E1AA40089FA67 /* SceneDelegate.swift */,
				16AE3737296E1AA40089FA67 /* ViewController.swift */,
				16AE3739296E1AA40089FA67 /* Main.storyboard */,
				16AE373F296E1AA40089FA67 /* Assets.xcassets */,
				16AE3741296E1AA40089FA67 /* LaunchScreen.storyboard */,
				16AE3744296E1AA40089FA67 /* Info.plist */,
				16AE373C296E1AA40089FA67 /* CoreDataUserDemo.xcdatamodeld */,
			);
			path = CoreDataUserDemo;
			sourceTree = "<group>";
		};
		16AE374A296E1E600089FA67 /* Cell */ = {
			isa = PBXGroup;
			children = (
				16AE374B296E1E7E0089FA67 /* UserCell.swift */,
				16AE374C296E1E7E0089FA67 /* UserCell.xib */,
			);
			path = Cell;
			sourceTree = "<group>";
		};
/* End PBXGroup section */

/* Begin PBXNativeTarget section */
		16AE372F296E1AA40089FA67 /* CoreDataUserDemo */ = {
			isa = PBXNativeTarget;
			buildConfigurationList = 16AE3747296E1AA40089FA67 /* Build configuration list for PBXNativeTarget "CoreDataUserDemo" */;
			buildPhases = (
				16AE372C296E1AA40089FA67 /* Sources */,
				16AE372D296E1AA40089FA67 /* Frameworks */,
				16AE372E296E1AA40089FA67 /* Resources */,
			);
			buildRules = (
			);
			dependencies = (
			);
			name = CoreDataUserDemo;
			productName = CoreDataUserDemo;
			productReference = 16AE3730296E1AA40089FA67 /* CoreDataUserDemo.app */;
			productType = "com.apple.product-type.application";
		};
/* End PBXNativeTarget section */

/* Begin PBXProject section */
		16AE3728296E1AA40089FA67 /* Project object */ = {
			isa = PBXProject;
			attributes = {
				BuildIndependentTargetsInParallel = 1;
				LastSwiftUpdateCheck = 1420;
				LastUpgradeCheck = 1420;
				TargetAttributes = {
					16AE372F296E1AA40089FA67 = {
						CreatedOnToolsVersion = 14.2;
					};
				};
			};
			buildConfigurationList = 16AE372B296E1AA40089FA67 /* Build configuration list for PBXProject "CoreDataUserDemo" */;
			compatibilityVersion = "Xcode 14.0";
			developmentRegion = en;
			hasScannedForEncodings = 0;
			knownRegions = (
				en,
				Base,
			);
			mainGroup = 16AE3727296E1AA40089FA67;
			productRefGroup = 16AE3731296E1AA40089FA67 /* Products */;
			projectDirPath = "";
			projectRoot = "";
			targets = (
				16AE372F296E1AA40089FA67 /* CoreDataUserDemo */,
			);
		};
/* End PBXProject section */

/* Begin PBXResourcesBuildPhase section */
		16AE372E296E1AA40089FA67 /* Resources */ = {
			isa = PBXResourcesBuildPhase;
			buildActionMask = 2147483647;
			files = (
				16AE374E296E1E7E0089FA67 /* UserCell.xib in Resources */,
				16AE3743296E1AA40089FA67 /* LaunchScreen.storyboard in Resources */,
				16AE3740296E1AA40089FA67 /* Assets.xcassets in Resources */,
				16AE373B296E1AA40089FA67 /* Main.storyboard in Resources */,
			);
			runOnlyForDeploymentPostprocessing = 0;
		};
/* End PBXResourcesBuildPhase section */

/* Begin PBXSourcesBuildPhase section */
		16AE372C296E1AA40089FA67 /* Sources */ = {
			isa = PBXSourcesBuildPhase;
			buildActionMask = 2147483647;
			files = (
				16AE373E296E1AA40089FA67 /* CoreDataUserDemo.xcdatamodeld in Sources */,
				16AE3738296E1AA40089FA67 /* ViewController.swift in Sources */,
				16AE3734296E1AA40089FA67 /* AppDelegate.swift in Sources */,
				16AE374D296E1E7E0089FA67 /* UserCell.swift in Sources */,
				16AE3736296E1AA40089FA67 /* SceneDelegate.swift in Sources */,
			);
			runOnlyForDeploymentPostprocessing = 0;
		};
/* End PBXSourcesBuildPhase section */

/* Begin PBXVariantGroup section */
		16AE3739296E1AA40089FA67 /* Main.storyboard */ = {
			isa = PBXVariantGroup;
			children = (
				16AE373A296E1AA40089FA67 /* Base */,
			);
			name = Main.storyboard;
			sourceTree = "<group>";
		};
		16AE3741296E1AA40089FA67 /* LaunchScreen.storyboard */ = {
			isa = PBXVariantGroup;
			children = (
				16AE3742296E1AA40089FA67 /* Base */,
			);
			name = LaunchScreen.storyboard;
			sourceTree = "<group>";
		};
/* End PBXVariantGroup section */

/* Begin XCBuildConfiguration section */
		16AE3745296E1AA40089FA67 /* Debug */ = {
			isa = XCBuildConfiguration;
			buildSettings = {
				ALWAYS_SEARCH_USER_PATHS = NO;
				CLANG_ANALYZER_NONNULL = YES;
				CLANG_ANALYZER_NUMBER_OBJECT_CONVERSION = YES_AGGRESSIVE;
				CLANG_CXX_LANGUAGE_STANDARD = "gnu++20";
				CLANG_ENABLE_MODULES = YES;
				CLANG_ENABLE_OBJC_ARC = YES;
				CLANG_ENABLE_OBJC_WEAK = YES;
				CLANG_WARN_BLOCK_CAPTURE_AUTORELEASING = YES;
				CLANG_WARN_BOOL_CONVERSION = YES;
				CLANG_WARN_COMMA = YES;
				CLANG_WARN_CONSTANT_CONVERSION = YES;
				CLANG_WARN_DEPRECATED_OBJC_IMPLEMENTATIONS = YES;
				CLANG_WARN_DIRECT_OBJC_ISA_USAGE = YES_ERROR;
				CLANG_WARN_DOCUMENTATION_COMMENTS = YES;
				CLANG_WARN_EMPTY_BODY = YES;
				CLANG_WARN_ENUM_CONVERSION = YES;
				CLANG_WARN_INFINITE_RECURSION = YES;
				CLANG_WARN_INT_CONVERSION = YES;
				CLANG_WARN_NON_LITERAL_NULL_CONVERSION = YES;
				CLANG_WARN_OBJC_IMPLICIT_RETAIN_SELF = YES;
				CLANG_WARN_OBJC_LITERAL_CONVERSION = YES;
				CLANG_WARN_OBJC_ROOT_CLASS = YES_ERROR;
				CLANG_WARN_QUOTED_INCLUDE_IN_FRAMEWORK_HEADER = YES;
				CLANG_WARN_RANGE_LOOP_ANALYSIS = YES;
				CLANG_WARN_STRICT_PROTOTYPES = YES;
				CLANG_WARN_SUSPICIOUS_MOVE = YES;
				CLANG_WARN_UNGUARDED_AVAILABILITY = YES_AGGRESSIVE;
				CLANG_WARN_UNREACHABLE_CODE = YES;
				CLANG_WARN__DUPLICATE_METHOD_MATCH = YES;
				COPY_PHASE_STRIP = NO;
				DEBUG_INFORMATION_FORMAT = dwarf;
				ENABLE_STRICT_OBJC_MSGSEND = YES;
				ENABLE_TESTABILITY = YES;
				GCC_C_LANGUAGE_STANDARD = gnu11;
				GCC_DYNAMIC_NO_PIC = NO;
				GCC_NO_COMMON_BLOCKS = YES;
				GCC_OPTIMIZATION_LEVEL = 0;
				GCC_PREPROCESSOR_DEFINITIONS = (
					"DEBUG=1",
					"$(inherited)",
				);
				GCC_WARN_64_TO_32_BIT_CONVERSION = YES;
				GCC_WARN_ABOUT_RETURN_TYPE = YES_ERROR;
				GCC_WARN_UNDECLARED_SELECTOR = YES;
				GCC_WARN_UNINITIALIZED_AUTOS = YES_AGGRESSIVE;
				GCC_WARN_UNUSED_FUNCTION = YES;
				GCC_WARN_UNUSED_VARIABLE = YES;
				IPHONEOS_DEPLOYMENT_TARGET = 16.2;
				MTL_ENABLE_DEBUG_INFO = INCLUDE_SOURCE;
				MTL_FAST_MATH = YES;
				ONLY_ACTIVE_ARCH = YES;
				SDKROOT = iphoneos;
				SWIFT_ACTIVE_COMPILATION_CONDITIONS = DEBUG;
				SWIFT_OPTIMIZATION_LEVEL = "-Onone";
			};
			name = Debug;
		};
		16AE3746296E1AA40089FA67 /* Release */ = {
			isa = XCBuildConfiguration;
			buildSettings = {
				ALWAYS_SEARCH_USER_PATHS = NO;
				CLANG_ANALYZER_NONNULL = YES;
				CLANG_ANALYZER_NUMBER_OBJECT_CONVERSION = YES_AGGRESSIVE;
				CLANG_CXX_LANGUAGE_STANDARD = "gnu++20";
				CLANG_ENABLE_MODULES = YES;
				CLANG_ENABLE_OBJC_ARC = YES;
				CLANG_ENABLE_OBJC_WEAK = YES;
				CLANG_WARN_BLOCK_CAPTURE_AUTORELEASING = YES;
				CLANG_WARN_BOOL_CONVERSION = YES;
				CLANG_WARN_COMMA = YES;
				CLANG_WARN_CONSTANT_CONVERSION = YES;
				CLANG_WARN_DEPRECATED_OBJC_IMPLEMENTATIONS = YES;
				CLANG_WARN_DIRECT_OBJC_ISA_USAGE = YES_ERROR;
				CLANG_WARN_DOCUMENTATION_COMMENTS = YES;
				CLANG_WARN_EMPTY_BODY = YES;
				CLANG_WARN_ENUM_CONVERSION = YES;
				CLANG_WARN_INFINITE_RECURSION = YES;
				CLANG_WARN_INT_CONVERSION = YES;
				CLANG_WARN_NON_LITERAL_NULL_CONVERSION = YES;
				CLANG_WARN_OBJC_IMPLICIT_RETAIN_SELF = YES;
				CLANG_WARN_OBJC_LITERAL_CONVERSION = YES;
				CLANG_WARN_OBJC_ROOT_CLASS = YES_ERROR;
				CLANG_WARN_QUOTED_INCLUDE_IN_FRAMEWORK_HEADER = YES;
				CLANG_WARN_RANGE_LOOP_ANALYSIS = YES;
				CLANG_WARN_STRICT_PROTOTYPES = YES;
				CLANG_WARN_SUSPICIOUS_MOVE = YES;
				CLANG_WARN_UNGUARDED_AVAILABILITY = YES_AGGRESSIVE;
				CLANG_WARN_UNREACHABLE_CODE = YES;
				CLANG_WARN__DUPLICATE_METHOD_MATCH = YES;
				COPY_PHASE_STRIP = NO;
				DEBUG_INFORMATION_FORMAT = "dwarf-with-dsym";
				ENABLE_NS_ASSERTIONS = NO;
				ENABLE_STRICT_OBJC_MSGSEND = YES;
				GCC_C_LANGUAGE_STANDARD = gnu11;
				GCC_NO_COMMON_BLOCKS = YES;
				GCC_WARN_64_TO_32_BIT_CONVERSION = YES;
				GCC_WARN_ABOUT_RETURN_TYPE = YES_ERROR;
				GCC_WARN_UNDECLARED_SELECTOR = YES;
				GCC_WARN_UNINITIALIZED_AUTOS = YES_AGGRESSIVE;
				GCC_WARN_UNUSED_FUNCTION = YES;
				GCC_WARN_UNUSED_VARIABLE = YES;
				IPHONEOS_DEPLOYMENT_TARGET = 16.2;
				MTL_ENABLE_DEBUG_INFO = NO;
				MTL_FAST_MATH = YES;
				SDKROOT = iphoneos;
				SWIFT_COMPILATION_MODE = wholemodule;
				SWIFT_OPTIMIZATION_LEVEL = "-O";
				VALIDATE_PRODUCT = YES;
			};
			name = Release;
		};
		16AE3748296E1AA40089FA67 /* Debug */ = {
			isa = XCBuildConfiguration;
			buildSettings = {
				ASSETCATALOG_COMPILER_APPICON_NAME = AppIcon;
				ASSETCATALOG_COMPILER_GLOBAL_ACCENT_COLOR_NAME = AccentColor;
				CODE_SIGN_STYLE = Automatic;
				CURRENT_PROJECT_VERSION = 1;
				DEVELOPMENT_TEAM = FXHQCY8P54;
				GENERATE_INFOPLIST_FILE = YES;
				INFOPLIST_FILE = CoreDataUserDemo/Info.plist;
				INFOPLIST_KEY_UIApplicationSupportsIndirectInputEvents = YES;
				INFOPLIST_KEY_UILaunchStoryboardName = LaunchScreen;
				INFOPLIST_KEY_UIMainStoryboardFile = Main;
				INFOPLIST_KEY_UISupportedInterfaceOrientations_iPad = "UIInterfaceOrientationPortrait UIInterfaceOrientationPortraitUpsideDown UIInterfaceOrientationLandscapeLeft UIInterfaceOrientationLandscapeRight";
				INFOPLIST_KEY_UISupportedInterfaceOrientations_iPhone = "UIInterfaceOrientationPortrait UIInterfaceOrientationLandscapeLeft UIInterfaceOrientationLandscapeRight";
				LD_RUNPATH_SEARCH_PATHS = (
					"$(inherited)",
					"@executable_path/Frameworks",
				);
				MARKETING_VERSION = 1.0;
				PRODUCT_BUNDLE_IDENTIFIER = com.kplab.CoreDataUserDemo;
				PRODUCT_NAME = "$(TARGET_NAME)";
				SWIFT_EMIT_LOC_STRINGS = YES;
				SWIFT_VERSION = 5.0;
				TARGETED_DEVICE_FAMILY = "1,2";
			};
			name = Debug;
		};
		16AE3749296E1AA40089FA67 /* Release */ = {
			isa = XCBuildConfiguration;
			buildSettings = {
				ASSETCATALOG_COMPILER_APPICON_NAME = AppIcon;
				ASSETCATALOG_COMPILER_GLOBAL_ACCENT_COLOR_NAME = AccentColor;
				CODE_SIGN_STYLE = Automatic;
				CURRENT_PROJECT_VERSION = 1;
				DEVELOPMENT_TEAM = FXHQCY8P54;
				GENERATE_INFOPLIST_FILE = YES;
				INFOPLIST_FILE = CoreDataUserDemo/Info.plist;
				INFOPLIST_KEY_UIApplicationSupportsIndirectInputEvents = YES;
				INFOPLIST_KEY_UILaunchStoryboardName = LaunchScreen;
				INFOPLIST_KEY_UIMainStoryboardFile = Main;
				INFOPLIST_KEY_UISupportedInterfaceOrientations_iPad = "UIInterfaceOrientationPortrait UIInterfaceOrientationPortraitUpsideDown UIInterfaceOrientationLandscapeLeft UIInterfaceOrientationLandscapeRight";
				INFOPLIST_KEY_UISupportedInterfaceOrientations_iPhone = "UIInterfaceOrientationPortrait UIInterfaceOrientationLandscapeLeft UIInterfaceOrientationLandscapeRight";
				LD_RUNPATH_SEARCH_PATHS = (
					"$(inherited)",
					"@executable_path/Frameworks",
				);
				MARKETING_VERSION = 1.0;
				PRODUCT_BUNDLE_IDENTIFIER = com.kplab.CoreDataUserDemo;
				PRODUCT_NAME = "$(TARGET_NAME)";
				SWIFT_EMIT_LOC_STRINGS = YES;
				SWIFT_VERSION = 5.0;
				TARGETED_DEVICE_FAMILY = "1,2";
			};
			name = Release;
		};
/* End XCBuildConfiguration section */

/* Begin XCConfigurationList section */
		16AE372B296E1AA40089FA67 /* Build configuration list for PBXProject "CoreDataUserDemo" */ = {
			isa = XCConfigurationList;
			buildConfigurations = (
				16AE3745296E1AA40089FA67 /* Debug */,
				16AE3746296E1AA40089FA67 /* Release */,
			);
			defaultConfigurationIsVisible = 0;
			defaultConfigurationName = Release;
		};
		16AE3747296E1AA40089FA67 /* Build configuration list for PBXNativeTarget "CoreDataUserDemo" */ = {
			isa = XCConfigurationList;
			buildConfigurations = (
				16AE3748296E1AA40089FA67 /* Debug */,
				16AE3749296E1AA40089FA67 /* Release */,
			);
			defaultConfigurationIsVisible = 0;
			defaultConfigurationName = Release;
		};
/* End XCConfigurationList section */

/* Begin XCVersionGroup section */
		16AE373C296E1AA40089FA67 /* CoreDataUserDemo.xcdatamodeld */ = {
			isa = XCVersionGroup;
			children = (
				16AE373D296E1AA40089FA67 /* CoreDataUserDemo.xcdatamodel */,
			);
			currentVersion = 16AE373D296E1AA40089FA67 /* CoreDataUserDemo.xcdatamodel */;
			path = CoreDataUserDemo.xcdatamodeld;
			sourceTree = "<group>";
			versionGroupType = wrapper.xcdatamodel;
		};
/* End XCVersionGroup section */
	};
	rootObject = 16AE3728296E1AA40089FA67 /* Project object */;
}
